
Microsoft Visual Studio Solution File, Format Version 12.00
# Visual Studio 15
VisualStudioVersion = 15.0.28307.271
MinimumVisualStudioVersion = 10.0.40219.1
Project("{FAE04EC0-301F-11D3-BF4B-00C04F79EFBC}") = "Радар", "Радар\Радар.csproj", "{0EEE7286-7986-47E2-8652-CFD0AC0D98EA}"
EndProject
Global
	GlobalSection(SolutionConfigurationPlatforms) = preSolution
		Debug|Any CPU = Debug|Any CPU
		Release|Any CPU = Release|Any CPU
	EndGlobalSection
	GlobalSection(ProjectConfigurationPlatforms) = postSolution
		{0EEE7286-7986-47E2-8652-CFD0AC0D98EA}.Debug|Any CPU.ActiveCfg = Debug|Any CPU
		{0EEE7286-7986-47E2-8652-CFD0AC0D98EA}.Debug|Any CPU.Build.0 = Debug|Any CPU
		{0EEE7286-7986-47E2-8652-CFD0AC0D98EA}.Release|Any CPU.ActiveCfg = Release|Any CPU
		{0EEE7286-7986-47E2-8652-CFD0AC0D98EA}.Release|Any CPU.Build.0 = Release|Any CPU
	EndGlobalSection
	GlobalSection(SolutionProperties) = preSolution
		HideSolutionNode = FALSE
	EndGlobalSection
	GlobalSection(ExtensibilityGlobals) = postSolution
		SolutionGuid = {6A3CB718-B35E-4107-A8B0-EB0880817784}
	EndGlobalSection
EndGlobal
